
Microsoft Visual Studio Solution File, Format Version 12.00
# Visual Studio 15
VisualStudioVersion = 15.0.27130.2036
MinimumVisualStudioVersion = 10.0.40219.1
Project("{FAE04EC0-301F-11D3-BF4B-00C04F79EFBC}") = "TicketPlanner", "TicketPlanner\TicketPlanner.csproj", "{144D07EF-4346-4F9A-B734-4BDC3E50B778}"
EndProject
Global
	GlobalSection(SolutionConfigurationPlatforms) = preSolution
		Debug|Any CPU = Debug|Any CPU
		Release|Any CPU = Release|Any CPU
	EndGlobalSection
	GlobalSection(ProjectConfigurationPlatforms) = postSolution
		{144D07EF-4346-4F9A-B734-4BDC3E50B778}.Debug|Any CPU.ActiveCfg = Debug|Any CPU
		{144D07EF-4346-4F9A-B734-4BDC3E50B778}.Debug|Any CPU.Build.0 = Debug|Any CPU
		{144D07EF-4346-4F9A-B734-4BDC3E50B778}.Release|Any CPU.ActiveCfg = Release|Any CPU
		{144D07EF-4346-4F9A-B734-4BDC3E50B778}.Release|Any CPU.Build.0 = Release|Any CPU
	EndGlobalSection
	GlobalSection(SolutionProperties) = preSolution
		HideSolutionNode = FALSE
	EndGlobalSection
	GlobalSection(ExtensibilityGlobals) = postSolution
		SolutionGuid = {CAA59035-7322-4A55-ACE3-B2A562CD146B}
	EndGlobalSection
EndGlobal
